
Microsoft Visual Studio Solution File, Format Version 12.00
# Visual Studio Version 17
VisualStudioVersion = 17.3.32922.545
MinimumVisualStudioVersion = 10.0.40219.1
Project("{FAE04EC0-301F-11D3-BF4B-00C04F79EFBC}") = "DE_Tarasov", "DE_Tarasov\DE_Tarasov.csproj", "{5B8DDE2C-19D5-42B8-8725-D90E5ABAE574}"
EndProject
Global
	GlobalSection(SolutionConfigurationPlatforms) = preSolution
		Debug|Any CPU = Debug|Any CPU
		Release|Any CPU = Release|Any CPU
	EndGlobalSection
	GlobalSection(ProjectConfigurationPlatforms) = postSolution
		{5B8DDE2C-19D5-42B8-8725-D90E5ABAE574}.Debug|Any CPU.ActiveCfg = Debug|Any CPU
		{5B8DDE2C-19D5-42B8-8725-D90E5ABAE574}.Debug|Any CPU.Build.0 = Debug|Any CPU
		{5B8DDE2C-19D5-42B8-8725-D90E5ABAE574}.Release|Any CPU.ActiveCfg = Release|Any CPU
		{5B8DDE2C-19D5-42B8-8725-D90E5ABAE574}.Release|Any CPU.Build.0 = Release|Any CPU
	EndGlobalSection
	GlobalSection(SolutionProperties) = preSolution
		HideSolutionNode = FALSE
	EndGlobalSection
	GlobalSection(ExtensibilityGlobals) = postSolution
		SolutionGuid = {74F5B6E1-1887-4968-852C-9478EDE8F7D7}
	EndGlobalSection
EndGlobal
